%{"earmark": {:hex, :earmark, "1.0.3", "89bdbaf2aca8bbb5c97d8b3b55c5dd0cff517ecc78d417e87f1d0982e514557b", [:mix], []},
  "ex_doc": {:hex, :ex_doc, "0.14.5", "c0433c8117e948404d93ca69411dd575ec6be39b47802e81ca8d91017a0cf83c", [:mix], [{:earmark, "~> 1.0", [hex: :earmark, optional: false]}]},
  "gpb": {:hex, :gpb, "3.27.0", "bc0e6d2a3eb11dc7c0f37a061e8dc110b8a4c0af49d3e564dff89890c1d11e04", [:make, :rebar], []}}
